// !$*UTF8*$!
{
	archiveVersion = 1;
	classes = {
	};
	objectVersion = 55;
	objects = {

/* Begin PBXBuildFile section */
		8F4163E728473E4F00B5E5EC /* main.cpp in Sources */ = {isa = PBXBuildFile; fileRef = 8F4163E628473E4F00B5E5EC /* main.cpp */; };
		8FF9FF5F28479A9700C09505 /* OpenGL.framework in Frameworks */ = {isa = PBXBuildFile; fileRef = 8FF9FF5E28479A9700C09505 /* OpenGL.framework */; };
		8FF9FF6128479B4100C09505 /* GLUT.framework in Frameworks */ = {isa = PBXBuildFile; fileRef = 8FF9FF6028479B4100C09505 /* GLUT.framework */; settings = {ATTRIBUTES = (Weak, ); }; };
		8FF9FF6328479E3A00C09505 /* libglfw.3.3.dylib in Frameworks */ = {isa = PBXBuildFile; fileRef = 8FF9FF6228479E3A00C09505 /* libglfw.3.3.dylib */; };
/* End PBXBuildFile section */

/* Begin PBXCopyFilesBuildPhase section */
		8F4163E128473E4F00B5E5EC /* CopyFiles */ = {
			isa = PBXCopyFilesBuildPhase;
			buildActionMask = 2147483647;
			dstPath = /usr/share/man/man1/;
			dstSubfolderSpec = 0;
			files = (
			);
			runOnlyForDeploymentPostprocessing = 1;
		};
/* End PBXCopyFilesBuildPhase section */

/* Begin PBXFileReference section */
		8F4163E328473E4F00B5E5EC /* OpenGL OFfline */ = {isa = PBXFileReference; explicitFileType = "compiled.mach-o.executable"; includeInIndex = 0; path = "OpenGL OFfline"; sourceTree = BUILT_PRODUCTS_DIR; };
		8F4163E628473E4F00B5E5EC /* main.cpp */ = {isa = PBXFileReference; lastKnownFileType = sourcecode.cpp.cpp; path = main.cpp; sourceTree = "<group>"; };
		8FA05FFF284A15F90062312F /* OpenGL OFfline.entitlements */ = {isa = PBXFileReference; lastKnownFileType = text.plist.entitlements; path = "OpenGL OFfline.entitlements"; sourceTree = "<group>"; };
		8FF9FF5E28479A9700C09505 /* OpenGL.framework */ = {isa = PBXFileReference; lastKnownFileType = wrapper.framework; name = OpenGL.framework; path = System/Library/Frameworks/OpenGL.framework; sourceTree = SDKROOT; };
		8FF9FF6028479B4100C09505 /* GLUT.framework */ = {isa = PBXFileReference; lastKnownFileType = wrapper.framework; name = GLUT.framework; path = System/Library/Frameworks/GLUT.framework; sourceTree = SDKROOT; };
		8FF9FF6228479E3A00C09505 /* libglfw.3.3.dylib */ = {isa = PBXFileReference; lastKnownFileType = "compiled.mach-o.dylib"; name = libglfw.3.3.dylib; path = ../../../../../../../opt/homebrew/Cellar/glfw/3.3.7/lib/libglfw.3.3.dylib; sourceTree = "<group>"; };
/* End PBXFileReference section */

/* Begin PBXFrameworksBuildPhase section */
		8F4163E028473E4F00B5E5EC /* Frameworks */ = {
			isa = PBXFrameworksBuildPhase;
			buildActionMask = 2147483647;
			files = (
				8FF9FF6328479E3A00C09505 /* libglfw.3.3.dylib in Frameworks */,
				8FF9FF6128479B4100C09505 /* GLUT.framework in Frameworks */,
				8FF9FF5F28479A9700C09505 /* OpenGL.framework in Frameworks */,
			);
			runOnlyForDeploymentPostprocessing = 0;
		};
/* End PBXFrameworksBuildPhase section */

/* Begin PBXGroup section */
		8F4163DA28473E4F00B5E5EC = {
			isa = PBXGroup;
			children = (
				8F4163E528473E4F00B5E5EC /* OpenGL OFfline */,
				8F4163E428473E4F00B5E5EC /* Products */,
				8FF9FF5D28479A9700C09505 /* Frameworks */,
			);
			sourceTree = "<group>";
		};
		8F4163E428473E4F00B5E5EC /* Products */ = {
			isa = PBXGroup;
			children = (
				8F4163E328473E4F00B5E5EC /* OpenGL OFfline */,
			);
			name = Products;
			sourceTree = "<group>";
		};
		8F4163E528473E4F00B5E5EC /* OpenGL OFfline */ = {
			isa = PBXGroup;
			children = (
				8FA05FFF284A15F90062312F /* OpenGL OFfline.entitlements */,
				8F4163E628473E4F00B5E5EC /* main.cpp */,
			);
			path = "OpenGL OFfline";
			sourceTree = "<group>";
		};
		8FF9FF5D28479A9700C09505 /* Frameworks */ = {
			isa = PBXGroup;
			children = (
				8FF9FF6228479E3A00C09505 /* libglfw.3.3.dylib */,
				8FF9FF6028479B4100C09505 /* GLUT.framework */,
				8FF9FF5E28479A9700C09505 /* OpenGL.framework */,
			);
			name = Frameworks;
			sourceTree = "<group>";
		};
/* End PBXGroup section */

/* Begin PBXNativeTarget section */
		8F4163E228473E4F00B5E5EC /* OpenGL OFfline */ = {
			isa = PBXNativeTarget;
			buildConfigurationList = 8F4163EA28473E4F00B5E5EC /* Build configuration list for PBXNativeTarget "OpenGL OFfline" */;
			buildPhases = (
				8F4163DF28473E4F00B5E5EC /* Sources */,
				8F4163E028473E4F00B5E5EC /* Frameworks */,
				8F4163E128473E4F00B5E5EC /* CopyFiles */,
			);
			buildRules = (
			);
			dependencies = (
			);
			name = "OpenGL OFfline";
			productName = "OpenGL OFfline";
			productReference = 8F4163E328473E4F00B5E5EC /* OpenGL OFfline */;
			productType = "com.apple.product-type.tool";
		};
/* End PBXNativeTarget section */

/* Begin PBXProject section */
		8F4163DB28473E4F00B5E5EC /* Project object */ = {
			isa = PBXProject;
			attributes = {
				BuildIndependentTargetsInParallel = 1;
				LastUpgradeCheck = 1340;
				TargetAttributes = {
					8F4163E228473E4F00B5E5EC = {
						CreatedOnToolsVersion = 13.4;
					};
				};
			};
			buildConfigurationList = 8F4163DE28473E4F00B5E5EC /* Build configuration list for PBXProject "OpenGL OFfline" */;
			compatibilityVersion = "Xcode 13.0";
			developmentRegion = en;
			hasScannedForEncodings = 0;
			knownRegions = (
				en,
				Base,
			);
			mainGroup = 8F4163DA28473E4F00B5E5EC;
			productRefGroup = 8F4163E428473E4F00B5E5EC /* Products */;
			projectDirPath = "";
			projectRoot = "";
			targets = (
				8F4163E228473E4F00B5E5EC /* OpenGL OFfline */,
			);
		};
/* End PBXProject section */

/* Begin PBXSourcesBuildPhase section */
		8F4163DF28473E4F00B5E5EC /* Sources */ = {
			isa = PBXSourcesBuildPhase;
			buildActionMask = 2147483647;
			files = (
				8F4163E728473E4F00B5E5EC /* main.cpp in Sources */,
			);
			runOnlyForDeploymentPostprocessing = 0;
		};
/* End PBXSourcesBuildPhase section */

/* Begin XCBuildConfiguration section */
		8F4163E828473E4F00B5E5EC /* Debug */ = {
			isa = XCBuildConfiguration;
			buildSettings = {
				ALWAYS_SEARCH_USER_PATHS = NO;
				CLANG_ANALYZER_NONNULL = YES;
				CLANG_ANALYZER_NUMBER_OBJECT_CONVERSION = YES_AGGRESSIVE;
				CLANG_CXX_LANGUAGE_STANDARD = "gnu++17";
				CLANG_ENABLE_MODULES = YES;
				CLANG_ENABLE_OBJC_ARC = YES;
				CLANG_ENABLE_OBJC_WEAK = YES;
				CLANG_WARN_BLOCK_CAPTURE_AUTORELEASING = YES;
				CLANG_WARN_BOOL_CONVERSION = YES;
				CLANG_WARN_COMMA = YES;
				CLANG_WARN_CONSTANT_CONVERSION = YES;
				CLANG_WARN_DEPRECATED_OBJC_IMPLEMENTATIONS = YES;
				CLANG_WARN_DIRECT_OBJC_ISA_USAGE = YES_ERROR;
				CLANG_WARN_DOCUMENTATION_COMMENTS = YES;
				CLANG_WARN_EMPTY_BODY = YES;
				CLANG_WARN_ENUM_CONVERSION = YES;
				CLANG_WARN_INFINITE_RECURSION = YES;
				CLANG_WARN_INT_CONVERSION = YES;
				CLANG_WARN_NON_LITERAL_NULL_CONVERSION = YES;
				CLANG_WARN_OBJC_IMPLICIT_RETAIN_SELF = YES;
				CLANG_WARN_OBJC_LITERAL_CONVERSION = YES;
				CLANG_WARN_OBJC_ROOT_CLASS = YES_ERROR;
				CLANG_WARN_QUOTED_INCLUDE_IN_FRAMEWORK_HEADER = YES;
				CLANG_WARN_RANGE_LOOP_ANALYSIS = YES;
				CLANG_WARN_STRICT_PROTOTYPES = YES;
				CLANG_WARN_SUSPICIOUS_MOVE = YES;
				CLANG_WARN_UNGUARDED_AVAILABILITY = YES_AGGRESSIVE;
				CLANG_WARN_UNREACHABLE_CODE = YES;
				CLANG_WARN__DUPLICATE_METHOD_MATCH = YES;
				COPY_PHASE_STRIP = NO;
				DEBUG_INFORMATION_FORMAT = dwarf;
				ENABLE_STRICT_OBJC_MSGSEND = YES;
				ENABLE_TESTABILITY = YES;
				GCC_C_LANGUAGE_STANDARD = gnu11;
				GCC_DYNAMIC_NO_PIC = NO;
				GCC_NO_COMMON_BLOCKS = YES;
				GCC_OPTIMIZATION_LEVEL = 0;
				GCC_PREPROCESSOR_DEFINITIONS = (
					"DEBUG=1",
					"$(inherited)",
				);
				GCC_WARN_64_TO_32_BIT_CONVERSION = YES;
				GCC_WARN_ABOUT_RETURN_TYPE = YES_ERROR;
				GCC_WARN_UNDECLARED_SELECTOR = YES;
				GCC_WARN_UNINITIALIZED_AUTOS = YES_AGGRESSIVE;
				GCC_WARN_UNUSED_FUNCTION = YES;
				GCC_WARN_UNUSED_VARIABLE = YES;
				"HEADER_SEARCH_PATHS[arch=*]" = /opt/homebrew/Cellar/glfw/3.3.7/include;
				MACOSX_DEPLOYMENT_TARGET = 12.2;
				MTL_ENABLE_DEBUG_INFO = INCLUDE_SOURCE;
				MTL_FAST_MATH = YES;
				NEW_SETTING = "";
				ONLY_ACTIVE_ARCH = YES;
				SDKROOT = macosx;
			};
			name = Debug;
		};
		8F4163E928473E4F00B5E5EC /* Release */ = {
			isa = XCBuildConfiguration;
			buildSettings = {
				ALWAYS_SEARCH_USER_PATHS = NO;
				CLANG_ANALYZER_NONNULL = YES;
				CLANG_ANALYZER_NUMBER_OBJECT_CONVERSION = YES_AGGRESSIVE;
				CLANG_CXX_LANGUAGE_STANDARD = "gnu++17";
				CLANG_ENABLE_MODULES = YES;
				CLANG_ENABLE_OBJC_ARC = YES;
				CLANG_ENABLE_OBJC_WEAK = YES;
				CLANG_WARN_BLOCK_CAPTURE_AUTORELEASING = YES;
				CLANG_WARN_BOOL_CONVERSION = YES;
				CLANG_WARN_COMMA = YES;
				CLANG_WARN_CONSTANT_CONVERSION = YES;
				CLANG_WARN_DEPRECATED_OBJC_IMPLEMENTATIONS = YES;
				CLANG_WARN_DIRECT_OBJC_ISA_USAGE = YES_ERROR;
				CLANG_WARN_DOCUMENTATION_COMMENTS = YES;
				CLANG_WARN_EMPTY_BODY = YES;
				CLANG_WARN_ENUM_CONVERSION = YES;
				CLANG_WARN_INFINITE_RECURSION = YES;
				CLANG_WARN_INT_CONVERSION = YES;
				CLANG_WARN_NON_LITERAL_NULL_CONVERSION = YES;
				CLANG_WARN_OBJC_IMPLICIT_RETAIN_SELF = YES;
				CLANG_WARN_OBJC_LITERAL_CONVERSION = YES;
				CLANG_WARN_OBJC_ROOT_CLASS = YES_ERROR;
				CLANG_WARN_QUOTED_INCLUDE_IN_FRAMEWORK_HEADER = YES;
				CLANG_WARN_RANGE_LOOP_ANALYSIS = YES;
				CLANG_WARN_STRICT_PROTOTYPES = YES;
				CLANG_WARN_SUSPICIOUS_MOVE = YES;
				CLANG_WARN_UNGUARDED_AVAILABILITY = YES_AGGRESSIVE;
				CLANG_WARN_UNREACHABLE_CODE = YES;
				CLANG_WARN__DUPLICATE_METHOD_MATCH = YES;
				COPY_PHASE_STRIP = NO;
				DEBUG_INFORMATION_FORMAT = "dwarf-with-dsym";
				ENABLE_NS_ASSERTIONS = NO;
				ENABLE_STRICT_OBJC_MSGSEND = YES;
				GCC_C_LANGUAGE_STANDARD = gnu11;
				GCC_NO_COMMON_BLOCKS = YES;
				GCC_WARN_64_TO_32_BIT_CONVERSION = YES;
				GCC_WARN_ABOUT_RETURN_TYPE = YES_ERROR;
				GCC_WARN_UNDECLARED_SELECTOR = YES;
				GCC_WARN_UNINITIALIZED_AUTOS = YES_AGGRESSIVE;
				GCC_WARN_UNUSED_FUNCTION = YES;
				GCC_WARN_UNUSED_VARIABLE = YES;
				MACOSX_DEPLOYMENT_TARGET = 12.2;
				MTL_ENABLE_DEBUG_INFO = NO;
				MTL_FAST_MATH = YES;
				NEW_SETTING = "";
				SDKROOT = macosx;
			};
			name = Release;
		};
		8F4163EB28473E4F00B5E5EC /* Debug */ = {
			isa = XCBuildConfiguration;
			buildSettings = {
				CODE_SIGN_ENTITLEMENTS = "OpenGL OFfline/OpenGL OFfline.entitlements";
				CODE_SIGN_STYLE = Automatic;
				DEVELOPMENT_TEAM = Y8NL34XC94;
				ENABLE_HARDENED_RUNTIME = YES;
				LIBRARY_SEARCH_PATHS = (
					"$(inherited)",
					/opt/homebrew/Cellar/glfw/3.3.7/lib,
				);
				PRODUCT_NAME = "$(TARGET_NAME)";
			};
			name = Debug;
		};
		8F4163EC28473E4F00B5E5EC /* Release */ = {
			isa = XCBuildConfiguration;
			buildSettings = {
				CODE_SIGN_ENTITLEMENTS = "OpenGL OFfline/OpenGL OFfline.entitlements";
				CODE_SIGN_STYLE = Automatic;
				DEVELOPMENT_TEAM = Y8NL34XC94;
				ENABLE_HARDENED_RUNTIME = YES;
				LIBRARY_SEARCH_PATHS = (
					"$(inherited)",
					/opt/homebrew/Cellar/glfw/3.3.7/lib,
				);
				PRODUCT_NAME = "$(TARGET_NAME)";
			};
			name = Release;
		};
/* End XCBuildConfiguration section */

/* Begin XCConfigurationList section */
		8F4163DE28473E4F00B5E5EC /* Build configuration list for PBXProject "OpenGL OFfline" */ = {
			isa = XCConfigurationList;
			buildConfigurations = (
				8F4163E828473E4F00B5E5EC /* Debug */,
				8F4163E928473E4F00B5E5EC /* Release */,
			);
			defaultConfigurationIsVisible = 0;
			defaultConfigurationName = Release;
		};
		8F4163EA28473E4F00B5E5EC /* Build configuration list for PBXNativeTarget "OpenGL OFfline" */ = {
			isa = XCConfigurationList;
			buildConfigurations = (
				8F4163EB28473E4F00B5E5EC /* Debug */,
				8F4163EC28473E4F00B5E5EC /* Release */,
			);
			defaultConfigurationIsVisible = 0;
			defaultConfigurationName = Release;
		};
/* End XCConfigurationList section */
	};
	rootObject = 8F4163DB28473E4F00B5E5EC /* Project object */;
}
